
Microsoft Visual Studio Solution File, Format Version 12.00
# Visual Studio Version 17
VisualStudioVersion = 17.9.34728.123
MinimumVisualStudioVersion = 10.0.40219.1
Project("{9A19103F-16F7-4668-BE54-9A1E7A4F7556}") = "MessageContract.Tests", "MessageContract\MessageContract.Tests.csproj", "{61995F21-6C58-45B2-AD6D-980492329815}"
EndProject
Project("{2150E333-8FDC-42A3-9474-1A3956D46DE8}") = "Pacts", "Pacts", "{4AAB880C-9864-40B6-A0DB-64D23B9AA204}"
	ProjectSection(SolutionItems) = preProject
		pacts\Stock Event Consumer-Stock Event Producer.json = pacts\Stock Event Consumer-Stock Event Producer.json
	EndProjectSection
EndProject
Global
	GlobalSection(SolutionConfigurationPlatforms) = preSolution
		Debug|Any CPU = Debug|Any CPU
		Release|Any CPU = Release|Any CPU
	EndGlobalSection
	GlobalSection(ProjectConfigurationPlatforms) = postSolution
		{61995F21-6C58-45B2-AD6D-980492329815}.Debug|Any CPU.ActiveCfg = Debug|Any CPU
		{61995F21-6C58-45B2-AD6D-980492329815}.Debug|Any CPU.Build.0 = Debug|Any CPU
		{61995F21-6C58-45B2-AD6D-980492329815}.Release|Any CPU.ActiveCfg = Release|Any CPU
		{61995F21-6C58-45B2-AD6D-980492329815}.Release|Any CPU.Build.0 = Release|Any CPU
	EndGlobalSection
	GlobalSection(SolutionProperties) = preSolution
		HideSolutionNode = FALSE
	EndGlobalSection
	GlobalSection(ExtensibilityGlobals) = postSolution
		SolutionGuid = {50EB22CF-9C35-4381-9302-16D1FEA22CAE}
	EndGlobalSection
EndGlobal
